
Microsoft Visual Studio Solution File, Format Version 12.00
# Visual Studio Version 17
VisualStudioVersion = 17.5.002.0
MinimumVisualStudioVersion = 10.0.40219.1
Project("{9A19103F-16F7-4668-BE54-9A1E7A4F7556}") = "Ravens", "Ravens.csproj", "{B0D1547D-D8C6-40F6-B3E3-FB47CD39913D}"
EndProject
Global
	GlobalSection(SolutionConfigurationPlatforms) = preSolution
		Debug|Any CPU = Debug|Any CPU
		Release|Any CPU = Release|Any CPU
	EndGlobalSection
	GlobalSection(ProjectConfigurationPlatforms) = postSolution
		{B0D1547D-D8C6-40F6-B3E3-FB47CD39913D}.Debug|Any CPU.ActiveCfg = Debug|Any CPU
		{B0D1547D-D8C6-40F6-B3E3-FB47CD39913D}.Debug|Any CPU.Build.0 = Debug|Any CPU
		{B0D1547D-D8C6-40F6-B3E3-FB47CD39913D}.Release|Any CPU.ActiveCfg = Release|Any CPU
		{B0D1547D-D8C6-40F6-B3E3-FB47CD39913D}.Release|Any CPU.Build.0 = Release|Any CPU
	EndGlobalSection
	GlobalSection(SolutionProperties) = preSolution
		HideSolutionNode = FALSE
	EndGlobalSection
	GlobalSection(ExtensibilityGlobals) = postSolution
		SolutionGuid = {584E791A-7719-46EA-A624-07B9256E1DE8}
	EndGlobalSection
EndGlobal
